{
  "name": "jQuery-Youtube-Channels-Playlist",
  "version": "7.0",
  "lockfileVersion": 3,
  "requires": true,
  "packages": {
    "": {
      "name": "jQuery-Youtube-Channels-Playlist",
      "version": "7.0",
      "license": "MIT",
      "dependencies": {
        "jquery": "^2.1.3"
      }
    },
    "node_modules/jquery": {
      "version": "2.2.4",
      "resolved": "https://registry.npmjs.org/jquery/-/jquery-2.2.4.tgz",
      "integrity": "sha512-lBHj60ezci2u1v2FqnZIraShGgEXq35qCzMv4lITyHGppTnA13rwR0MgwyNJh9TnDs3aXUvd1xjAotfraMHX/Q==",
      "deprecated": "This version is deprecated. Please upgrade to the latest version or find support at https://www.herodevs.com/support/jquery-nes.",
      "license": "MIT"
    }
  }
}
